
Microsoft Visual Studio Solution File, Format Version 12.00
# Visual Studio Version 17
VisualStudioVersion = 17.5.002.0
MinimumVisualStudioVersion = 10.0.40219.1
Project("{9A19103F-16F7-4668-BE54-9A1E7A4F7556}") = "RapidPayAPI", "RapidPayAPI.csproj", "{AFA97482-698B-40AA-84EF-FE73E05BC8CF}"
EndProject
Global
	GlobalSection(SolutionConfigurationPlatforms) = preSolution
		Debug|Any CPU = Debug|Any CPU
		Release|Any CPU = Release|Any CPU
	EndGlobalSection
	GlobalSection(ProjectConfigurationPlatforms) = postSolution
		{AFA97482-698B-40AA-84EF-FE73E05BC8CF}.Debug|Any CPU.ActiveCfg = Debug|Any CPU
		{AFA97482-698B-40AA-84EF-FE73E05BC8CF}.Debug|Any CPU.Build.0 = Debug|Any CPU
		{AFA97482-698B-40AA-84EF-FE73E05BC8CF}.Release|Any CPU.ActiveCfg = Release|Any CPU
		{AFA97482-698B-40AA-84EF-FE73E05BC8CF}.Release|Any CPU.Build.0 = Release|Any CPU
	EndGlobalSection
	GlobalSection(SolutionProperties) = preSolution
		HideSolutionNode = FALSE
	EndGlobalSection
	GlobalSection(ExtensibilityGlobals) = postSolution
		SolutionGuid = {753EC479-77C8-4E8C-AF2F-689780600585}
	EndGlobalSection
EndGlobal
